
Microsoft Visual Studio Solution File, Format Version 12.00
# Visual Studio Version 17
VisualStudioVersion = 17.5.002.0
MinimumVisualStudioVersion = 10.0.40219.1
Project("{9A19103F-16F7-4668-BE54-9A1E7A4F7556}") = "Main", "Main.csproj", "{7FDA6EC1-6741-4983-A29C-1F2473946C0F}"
EndProject
Project("{9A19103F-16F7-4668-BE54-9A1E7A4F7556}") = "BankLibrary", "..\BankLibrary\BankLibrary.csproj", "{3C0FFA08-0FD8-4181-8EF3-5786E4C21703}"
EndProject
Project("{FAE04EC0-301F-11D3-BF4B-00C04F79EFBC}") = "BankingTest", "..\BankingTest\BankingTest.csproj", "{7DB03A33-7645-4775-8F43-0890F5F6897D}"
EndProject
Global
	GlobalSection(SolutionConfigurationPlatforms) = preSolution
		Debug|Any CPU = Debug|Any CPU
		Release|Any CPU = Release|Any CPU
	EndGlobalSection
	GlobalSection(ProjectConfigurationPlatforms) = postSolution
		{7FDA6EC1-6741-4983-A29C-1F2473946C0F}.Debug|Any CPU.ActiveCfg = Debug|Any CPU
		{7FDA6EC1-6741-4983-A29C-1F2473946C0F}.Debug|Any CPU.Build.0 = Debug|Any CPU
		{7FDA6EC1-6741-4983-A29C-1F2473946C0F}.Release|Any CPU.ActiveCfg = Release|Any CPU
		{7FDA6EC1-6741-4983-A29C-1F2473946C0F}.Release|Any CPU.Build.0 = Release|Any CPU
		{3C0FFA08-0FD8-4181-8EF3-5786E4C21703}.Debug|Any CPU.ActiveCfg = Debug|Any CPU
		{3C0FFA08-0FD8-4181-8EF3-5786E4C21703}.Debug|Any CPU.Build.0 = Debug|Any CPU
		{3C0FFA08-0FD8-4181-8EF3-5786E4C21703}.Release|Any CPU.ActiveCfg = Release|Any CPU
		{3C0FFA08-0FD8-4181-8EF3-5786E4C21703}.Release|Any CPU.Build.0 = Release|Any CPU
		{7DB03A33-7645-4775-8F43-0890F5F6897D}.Debug|Any CPU.ActiveCfg = Debug|Any CPU
		{7DB03A33-7645-4775-8F43-0890F5F6897D}.Debug|Any CPU.Build.0 = Debug|Any CPU
		{7DB03A33-7645-4775-8F43-0890F5F6897D}.Release|Any CPU.ActiveCfg = Release|Any CPU
		{7DB03A33-7645-4775-8F43-0890F5F6897D}.Release|Any CPU.Build.0 = Release|Any CPU
	EndGlobalSection
	GlobalSection(SolutionProperties) = preSolution
		HideSolutionNode = FALSE
	EndGlobalSection
	GlobalSection(ExtensibilityGlobals) = postSolution
		SolutionGuid = {FA14A653-7170-4AE2-8C42-3AFD1CAA7117}
	EndGlobalSection
EndGlobal
